
Microsoft Visual Studio Solution File, Format Version 12.00
# Visual Studio Version 16
VisualStudioVersion = 16.0.31729.503
MinimumVisualStudioVersion = 10.0.40219.1
Project("{8BC9CEB8-8B4A-11D0-8D11-00A0C91BC942}") = "Var_Const_High2", "Var_Const_High2\Var_Const_High2.vcxproj", "{314F7D54-9ED2-4479-9E8E-4BBC6613E652}"
EndProject
Global
	GlobalSection(SolutionConfigurationPlatforms) = preSolution
		Debug|x64 = Debug|x64
		Debug|x86 = Debug|x86
		Release|x64 = Release|x64
		Release|x86 = Release|x86
	EndGlobalSection
	GlobalSection(ProjectConfigurationPlatforms) = postSolution
		{314F7D54-9ED2-4479-9E8E-4BBC6613E652}.Debug|x64.ActiveCfg = Debug|x64
		{314F7D54-9ED2-4479-9E8E-4BBC6613E652}.Debug|x64.Build.0 = Debug|x64
		{314F7D54-9ED2-4479-9E8E-4BBC6613E652}.Debug|x86.ActiveCfg = Debug|Win32
		{314F7D54-9ED2-4479-9E8E-4BBC6613E652}.Debug|x86.Build.0 = Debug|Win32
		{314F7D54-9ED2-4479-9E8E-4BBC6613E652}.Release|x64.ActiveCfg = Release|x64
		{314F7D54-9ED2-4479-9E8E-4BBC6613E652}.Release|x64.Build.0 = Release|x64
		{314F7D54-9ED2-4479-9E8E-4BBC6613E652}.Release|x86.ActiveCfg = Release|Win32
		{314F7D54-9ED2-4479-9E8E-4BBC6613E652}.Release|x86.Build.0 = Release|Win32
	EndGlobalSection
	GlobalSection(SolutionProperties) = preSolution
		HideSolutionNode = FALSE
	EndGlobalSection
	GlobalSection(ExtensibilityGlobals) = postSolution
		SolutionGuid = {4B6BBEAD-28EA-4C20-AFC2-7359AA2A4B64}
	EndGlobalSection
EndGlobal
